// !$*UTF8*$!
{
	archiveVersion = 1;
	classes = {
	};
	objectVersion = 56;
	objects = {

/* Begin PBXBuildFile section */
		140BEB0C2B58405600944DC7 /* CountriesData.swift in Sources */ = {isa = PBXBuildFile; fileRef = 140BEB0B2B58405600944DC7 /* CountriesData.swift */; };
		14140FAE2B29CAAB00D35671 /* AddBeerView.swift in Sources */ = {isa = PBXBuildFile; fileRef = 14140FAD2B29CAAB00D35671 /* AddBeerView.swift */; };
		141ABF812B274CFB001EB107 /* BeerApp_CoreDataApp.swift in Sources */ = {isa = PBXBuildFile; fileRef = 141ABF802B274CFB001EB107 /* BeerApp_CoreDataApp.swift */; };
		141ABF832B274CFB001EB107 /* ManufacturersView.swift in Sources */ = {isa = PBXBuildFile; fileRef = 141ABF822B274CFB001EB107 /* ManufacturersView.swift */; };
		141ABF852B274CFC001EB107 /* Assets.xcassets in Resources */ = {isa = PBXBuildFile; fileRef = 141ABF842B274CFC001EB107 /* Assets.xcassets */; };
		141ABF882B274CFC001EB107 /* Preview Assets.xcassets in Resources */ = {isa = PBXBuildFile; fileRef = 141ABF872B274CFC001EB107 /* Preview Assets.xcassets */; };
		141ABF8A2B274CFC001EB107 /* PersistenceController.swift in Sources */ = {isa = PBXBuildFile; fileRef = 141ABF892B274CFC001EB107 /* PersistenceController.swift */; };
		141ABF8D2B274CFC001EB107 /* BeerApp_CoreData.xcdatamodeld in Sources */ = {isa = PBXBuildFile; fileRef = 141ABF8B2B274CFC001EB107 /* BeerApp_CoreData.xcdatamodeld */; };
		141ABF972B277AD9001EB107 /* ManufacturersViewModel.swift in Sources */ = {isa = PBXBuildFile; fileRef = 141ABF962B277AD9001EB107 /* ManufacturersViewModel.swift */; };
		141ABF992B27A04F001EB107 /* AddManufacturerView.swift in Sources */ = {isa = PBXBuildFile; fileRef = 141ABF982B27A04F001EB107 /* AddManufacturerView.swift */; };
		141ABF9C2B27A9C8001EB107 /* Enums.swift in Sources */ = {isa = PBXBuildFile; fileRef = 141ABF9B2B27A9C8001EB107 /* Enums.swift */; };
		14328B222B2DCA5A00FDF65B /* Validators.swift in Sources */ = {isa = PBXBuildFile; fileRef = 14328B212B2DCA5A00FDF65B /* Validators.swift */; };
		14328B242B2DCBDC00FDF65B /* FieldBindings.swift in Sources */ = {isa = PBXBuildFile; fileRef = 14328B232B2DCBDC00FDF65B /* FieldBindings.swift */; };
		144BAF342B28B3B700E85A5B /* ImageProcessor.swift in Sources */ = {isa = PBXBuildFile; fileRef = 144BAF332B28B3B700E85A5B /* ImageProcessor.swift */; };
		1452396B2B4B28E8002D11A5 /* NameComponentView.swift in Sources */ = {isa = PBXBuildFile; fileRef = 1452396A2B4B28E8002D11A5 /* NameComponentView.swift */; };
		1475B0892B2CD13100729BD7 /* SearchBar.swift in Sources */ = {isa = PBXBuildFile; fileRef = 1475B0882B2CD13100729BD7 /* SearchBar.swift */; };
		1478E3612B644B330053E648 /* ImportedComponentView.swift in Sources */ = {isa = PBXBuildFile; fileRef = 1478E3602B644B330053E648 /* ImportedComponentView.swift */; };
		1478E3632B644CCB0053E648 /* CountryPickerComponentView.swift in Sources */ = {isa = PBXBuildFile; fileRef = 1478E3622B644CCB0053E648 /* CountryPickerComponentView.swift */; };
		148017512B65773C00D4398B /* SaveButtonsComponentView.swift in Sources */ = {isa = PBXBuildFile; fileRef = 148017502B65773C00D4398B /* SaveButtonsComponentView.swift */; };
		148017532B6579E800D4398B /* ButtonSaveTextComponentView.swift in Sources */ = {isa = PBXBuildFile; fileRef = 148017522B6579E800D4398B /* ButtonSaveTextComponentView.swift */; };
		149B9DD62B4AD62000062B74 /* AlcoholComponentView.swift in Sources */ = {isa = PBXBuildFile; fileRef = 149B9DD52B4AD62000062B74 /* AlcoholComponentView.swift */; };
		149B9DD82B4AD71000062B74 /* CaloriesComponentView.swift in Sources */ = {isa = PBXBuildFile; fileRef = 149B9DD72B4AD71000062B74 /* CaloriesComponentView.swift */; };
		149B9DDA2B4AD7E900062B74 /* BeerTypePickerComponentView.swift in Sources */ = {isa = PBXBuildFile; fileRef = 149B9DD92B4AD7E900062B74 /* BeerTypePickerComponentView.swift */; };
		149B9DDC2B4AD8A000062B74 /* FavoriteComponentView.swift in Sources */ = {isa = PBXBuildFile; fileRef = 149B9DDB2B4AD8A000062B74 /* FavoriteComponentView.swift */; };
		14B0C5FD2B29BE54004F04A1 /* BeersView.swift in Sources */ = {isa = PBXBuildFile; fileRef = 14B0C5FC2B29BE54004F04A1 /* BeersView.swift */; };
		14CCF84B2B357BEF00ACB688 /* BeerDetailView.swift in Sources */ = {isa = PBXBuildFile; fileRef = 14CCF84A2B357BEF00ACB688 /* BeerDetailView.swift */; };
		14CF64E42B39E4ED00E681B1 /* InitialDataLoader.swift in Sources */ = {isa = PBXBuildFile; fileRef = 14CF64E32B39E4ED00E681B1 /* InitialDataLoader.swift */; };
		14CF64E72B39E70E00E681B1 /* initialData.json in Resources */ = {isa = PBXBuildFile; fileRef = 14CF64E62B39E70E00E681B1 /* initialData.json */; };
		14E3D8832B28840D0091E1D2 /* ViewBuilders.swift in Sources */ = {isa = PBXBuildFile; fileRef = 14E3D8822B28840D0091E1D2 /* ViewBuilders.swift */; };
/* End PBXBuildFile section */

/* Begin PBXFileReference section */
		140BEB0B2B58405600944DC7 /* CountriesData.swift */ = {isa = PBXFileReference; lastKnownFileType = sourcecode.swift; path = CountriesData.swift; sourceTree = "<group>"; };
		14140FAD2B29CAAB00D35671 /* AddBeerView.swift */ = {isa = PBXFileReference; lastKnownFileType = sourcecode.swift; path = AddBeerView.swift; sourceTree = "<group>"; };
		141ABF7D2B274CFB001EB107 /* BeerApp_CoreData.app */ = {isa = PBXFileReference; explicitFileType = wrapper.application; includeInIndex = 0; path = BeerApp_CoreData.app; sourceTree = BUILT_PRODUCTS_DIR; };
		141ABF802B274CFB001EB107 /* BeerApp_CoreDataApp.swift */ = {isa = PBXFileReference; lastKnownFileType = sourcecode.swift; path = BeerApp_CoreDataApp.swift; sourceTree = "<group>"; };
		141ABF822B274CFB001EB107 /* ManufacturersView.swift */ = {isa = PBXFileReference; lastKnownFileType = sourcecode.swift; path = ManufacturersView.swift; sourceTree = "<group>"; };
		141ABF842B274CFC001EB107 /* Assets.xcassets */ = {isa = PBXFileReference; lastKnownFileType = folder.assetcatalog; path = Assets.xcassets; sourceTree = "<group>"; };
		141ABF872B274CFC001EB107 /* Preview Assets.xcassets */ = {isa = PBXFileReference; lastKnownFileType = folder.assetcatalog; path = "Preview Assets.xcassets"; sourceTree = "<group>"; };
		141ABF892B274CFC001EB107 /* PersistenceController.swift */ = {isa = PBXFileReference; lastKnownFileType = sourcecode.swift; path = PersistenceController.swift; sourceTree = "<group>"; };
		141ABF8C2B274CFC001EB107 /* BeerApp_CoreData.xcdatamodel */ = {isa = PBXFileReference; lastKnownFileType = wrapper.xcdatamodel; path = BeerApp_CoreData.xcdatamodel; sourceTree = "<group>"; };
		141ABF962B277AD9001EB107 /* ManufacturersViewModel.swift */ = {isa = PBXFileReference; lastKnownFileType = sourcecode.swift; path = ManufacturersViewModel.swift; sourceTree = "<group>"; };
		141ABF982B27A04F001EB107 /* AddManufacturerView.swift */ = {isa = PBXFileReference; lastKnownFileType = sourcecode.swift; path = AddManufacturerView.swift; sourceTree = "<group>"; };
		141ABF9B2B27A9C8001EB107 /* Enums.swift */ = {isa = PBXFileReference; lastKnownFileType = sourcecode.swift; path = Enums.swift; sourceTree = "<group>"; };
		14328B212B2DCA5A00FDF65B /* Validators.swift */ = {isa = PBXFileReference; lastKnownFileType = sourcecode.swift; path = Validators.swift; sourceTree = "<group>"; };
		14328B232B2DCBDC00FDF65B /* FieldBindings.swift */ = {isa = PBXFileReference; lastKnownFileType = sourcecode.swift; path = FieldBindings.swift; sourceTree = "<group>"; };
		144BAF332B28B3B700E85A5B /* ImageProcessor.swift */ = {isa = PBXFileReference; lastKnownFileType = sourcecode.swift; path = ImageProcessor.swift; sourceTree = "<group>"; };
		1452396A2B4B28E8002D11A5 /* NameComponentView.swift */ = {isa = PBXFileReference; lastKnownFileType = sourcecode.swift; path = NameComponentView.swift; sourceTree = "<group>"; };
		1475B0882B2CD13100729BD7 /* SearchBar.swift */ = {isa = PBXFileReference; lastKnownFileType = sourcecode.swift; path = SearchBar.swift; sourceTree = "<group>"; };
		1478E3602B644B330053E648 /* ImportedComponentView.swift */ = {isa = PBXFileReference; lastKnownFileType = sourcecode.swift; path = ImportedComponentView.swift; sourceTree = "<group>"; };
		1478E3622B644CCB0053E648 /* CountryPickerComponentView.swift */ = {isa = PBXFileReference; lastKnownFileType = sourcecode.swift; path = CountryPickerComponentView.swift; sourceTree = "<group>"; };
		148017502B65773C00D4398B /* SaveButtonsComponentView.swift */ = {isa = PBXFileReference; lastKnownFileType = sourcecode.swift; path = SaveButtonsComponentView.swift; sourceTree = "<group>"; };
		148017522B6579E800D4398B /* ButtonSaveTextComponentView.swift */ = {isa = PBXFileReference; lastKnownFileType = sourcecode.swift; path = ButtonSaveTextComponentView.swift; sourceTree = "<group>"; };
		149B9DD52B4AD62000062B74 /* AlcoholComponentView.swift */ = {isa = PBXFileReference; lastKnownFileType = sourcecode.swift; path = AlcoholComponentView.swift; sourceTree = "<group>"; };
		149B9DD72B4AD71000062B74 /* CaloriesComponentView.swift */ = {isa = PBXFileReference; lastKnownFileType = sourcecode.swift; path = CaloriesComponentView.swift; sourceTree = "<group>"; };
		149B9DD92B4AD7E900062B74 /* BeerTypePickerComponentView.swift */ = {isa = PBXFileReference; lastKnownFileType = sourcecode.swift; path = BeerTypePickerComponentView.swift; sourceTree = "<group>"; };
		149B9DDB2B4AD8A000062B74 /* FavoriteComponentView.swift */ = {isa = PBXFileReference; lastKnownFileType = sourcecode.swift; path = FavoriteComponentView.swift; sourceTree = "<group>"; };
		14B0C5FC2B29BE54004F04A1 /* BeersView.swift */ = {isa = PBXFileReference; lastKnownFileType = sourcecode.swift; path = BeersView.swift; sourceTree = "<group>"; };
		14CCF84A2B357BEF00ACB688 /* BeerDetailView.swift */ = {isa = PBXFileReference; lastKnownFileType = sourcecode.swift; path = BeerDetailView.swift; sourceTree = "<group>"; };
		14CF64E32B39E4ED00E681B1 /* InitialDataLoader.swift */ = {isa = PBXFileReference; lastKnownFileType = sourcecode.swift; path = InitialDataLoader.swift; sourceTree = "<group>"; };
		14CF64E62B39E70E00E681B1 /* initialData.json */ = {isa = PBXFileReference; fileEncoding = 4; lastKnownFileType = text.json; path = initialData.json; sourceTree = "<group>"; };
		14E3D8822B28840D0091E1D2 /* ViewBuilders.swift */ = {isa = PBXFileReference; lastKnownFileType = sourcecode.swift; path = ViewBuilders.swift; sourceTree = "<group>"; };
/* End PBXFileReference section */

/* Begin PBXFrameworksBuildPhase section */
		141ABF7A2B274CFB001EB107 /* Frameworks */ = {
			isa = PBXFrameworksBuildPhase;
			buildActionMask = 2147483647;
			files = (
			);
			runOnlyForDeploymentPostprocessing = 0;
		};
/* End PBXFrameworksBuildPhase section */

/* Begin PBXGroup section */
		141ABF742B274CFB001EB107 = {
			isa = PBXGroup;
			children = (
				141ABF7F2B274CFB001EB107 /* BeerApp_CoreData */,
				141ABF7E2B274CFB001EB107 /* Products */,
			);
			sourceTree = "<group>";
		};
		141ABF7E2B274CFB001EB107 /* Products */ = {
			isa = PBXGroup;
			children = (
				141ABF7D2B274CFB001EB107 /* BeerApp_CoreData.app */,
			);
			name = Products;
			sourceTree = "<group>";
		};
		141ABF7F2B274CFB001EB107 /* BeerApp_CoreData */ = {
			isa = PBXGroup;
			children = (
				14CF64E52B39E63F00E681B1 /* Resources */,
				141ABF9A2B27A9BD001EB107 /* Utilities */,
				141ABF942B277967001EB107 /* CoreData */,
				141ABF952B277A9C001EB107 /* ViewModels */,
				141ABF932B277954001EB107 /* Views */,
				141ABF842B274CFC001EB107 /* Assets.xcassets */,
				141ABF802B274CFB001EB107 /* BeerApp_CoreDataApp.swift */,
				141ABF862B274CFC001EB107 /* Preview Content */,
			);
			path = BeerApp_CoreData;
			sourceTree = "<group>";
		};
		141ABF862B274CFC001EB107 /* Preview Content */ = {
			isa = PBXGroup;
			children = (
				141ABF872B274CFC001EB107 /* Preview Assets.xcassets */,
			);
			path = "Preview Content";
			sourceTree = "<group>";
		};
		141ABF932B277954001EB107 /* Views */ = {
			isa = PBXGroup;
			children = (
				149B9DD42B4AD5AD00062B74 /* Components */,
				141ABF822B274CFB001EB107 /* ManufacturersView.swift */,
				141ABF982B27A04F001EB107 /* AddManufacturerView.swift */,
				14B0C5FC2B29BE54004F04A1 /* BeersView.swift */,
				14140FAD2B29CAAB00D35671 /* AddBeerView.swift */,
				14CCF84A2B357BEF00ACB688 /* BeerDetailView.swift */,
			);
			path = Views;
			sourceTree = "<group>";
		};
		141ABF942B277967001EB107 /* CoreData */ = {
			isa = PBXGroup;
			children = (
				141ABF892B274CFC001EB107 /* PersistenceController.swift */,
				141ABF8B2B274CFC001EB107 /* BeerApp_CoreData.xcdatamodeld */,
				14CF64E32B39E4ED00E681B1 /* InitialDataLoader.swift */,
			);
			path = CoreData;
			sourceTree = "<group>";
		};
		141ABF952B277A9C001EB107 /* ViewModels */ = {
			isa = PBXGroup;
			children = (
				141ABF962B277AD9001EB107 /* ManufacturersViewModel.swift */,
			);
			path = ViewModels;
			sourceTree = "<group>";
		};
		141ABF9A2B27A9BD001EB107 /* Utilities */ = {
			isa = PBXGroup;
			children = (
				141ABF9B2B27A9C8001EB107 /* Enums.swift */,
				144BAF332B28B3B700E85A5B /* ImageProcessor.swift */,
				14328B212B2DCA5A00FDF65B /* Validators.swift */,
				14328B232B2DCBDC00FDF65B /* FieldBindings.swift */,
				140BEB0B2B58405600944DC7 /* CountriesData.swift */,
			);
			path = Utilities;
			sourceTree = "<group>";
		};
		149B9DD42B4AD5AD00062B74 /* Components */ = {
			isa = PBXGroup;
			children = (
				149B9DD52B4AD62000062B74 /* AlcoholComponentView.swift */,
				149B9DD72B4AD71000062B74 /* CaloriesComponentView.swift */,
				149B9DD92B4AD7E900062B74 /* BeerTypePickerComponentView.swift */,
				149B9DDB2B4AD8A000062B74 /* FavoriteComponentView.swift */,
				1452396A2B4B28E8002D11A5 /* NameComponentView.swift */,
				1478E3602B644B330053E648 /* ImportedComponentView.swift */,
				1478E3622B644CCB0053E648 /* CountryPickerComponentView.swift */,
				148017502B65773C00D4398B /* SaveButtonsComponentView.swift */,
				148017522B6579E800D4398B /* ButtonSaveTextComponentView.swift */,
				14E3D8812B2883F80091E1D2 /* ViewUtilities */,
			);
			path = Components;
			sourceTree = "<group>";
		};
		14CF64E52B39E63F00E681B1 /* Resources */ = {
			isa = PBXGroup;
			children = (
				14CF64E62B39E70E00E681B1 /* initialData.json */,
			);
			path = Resources;
			sourceTree = "<group>";
		};
		14E3D8812B2883F80091E1D2 /* ViewUtilities */ = {
			isa = PBXGroup;
			children = (
				14E3D8822B28840D0091E1D2 /* ViewBuilders.swift */,
				1475B0882B2CD13100729BD7 /* SearchBar.swift */,
			);
			path = ViewUtilities;
			sourceTree = "<group>";
		};
/* End PBXGroup section */

/* Begin PBXNativeTarget section */
		141ABF7C2B274CFB001EB107 /* BeerApp_CoreData */ = {
			isa = PBXNativeTarget;
			buildConfigurationList = 141ABF902B274CFC001EB107 /* Build configuration list for PBXNativeTarget "BeerApp_CoreData" */;
			buildPhases = (
				141ABF792B274CFB001EB107 /* Sources */,
				141ABF7A2B274CFB001EB107 /* Frameworks */,
				141ABF7B2B274CFB001EB107 /* Resources */,
			);
			buildRules = (
			);
			dependencies = (
			);
			name = BeerApp_CoreData;
			productName = BeerApp_CoreData;
			productReference = 141ABF7D2B274CFB001EB107 /* BeerApp_CoreData.app */;
			productType = "com.apple.product-type.application";
		};
/* End PBXNativeTarget section */

/* Begin PBXProject section */
		141ABF752B274CFB001EB107 /* Project object */ = {
			isa = PBXProject;
			attributes = {
				BuildIndependentTargetsInParallel = 1;
				LastSwiftUpdateCheck = 1500;
				LastUpgradeCheck = 1500;
				TargetAttributes = {
					141ABF7C2B274CFB001EB107 = {
						CreatedOnToolsVersion = 15.0.1;
					};
				};
			};
			buildConfigurationList = 141ABF782B274CFB001EB107 /* Build configuration list for PBXProject "BeerApp_CoreData" */;
			compatibilityVersion = "Xcode 14.0";
			developmentRegion = en;
			hasScannedForEncodings = 0;
			knownRegions = (
				en,
				Base,
			);
			mainGroup = 141ABF742B274CFB001EB107;
			productRefGroup = 141ABF7E2B274CFB001EB107 /* Products */;
			projectDirPath = "";
			projectRoot = "";
			targets = (
				141ABF7C2B274CFB001EB107 /* BeerApp_CoreData */,
			);
		};
/* End PBXProject section */

/* Begin PBXResourcesBuildPhase section */
		141ABF7B2B274CFB001EB107 /* Resources */ = {
			isa = PBXResourcesBuildPhase;
			buildActionMask = 2147483647;
			files = (
				14CF64E72B39E70E00E681B1 /* initialData.json in Resources */,
				141ABF882B274CFC001EB107 /* Preview Assets.xcassets in Resources */,
				141ABF852B274CFC001EB107 /* Assets.xcassets in Resources */,
			);
			runOnlyForDeploymentPostprocessing = 0;
		};
/* End PBXResourcesBuildPhase section */

/* Begin PBXSourcesBuildPhase section */
		141ABF792B274CFB001EB107 /* Sources */ = {
			isa = PBXSourcesBuildPhase;
			buildActionMask = 2147483647;
			files = (
				149B9DDC2B4AD8A000062B74 /* FavoriteComponentView.swift in Sources */,
				14B0C5FD2B29BE54004F04A1 /* BeersView.swift in Sources */,
				141ABF8A2B274CFC001EB107 /* PersistenceController.swift in Sources */,
				1452396B2B4B28E8002D11A5 /* NameComponentView.swift in Sources */,
				148017532B6579E800D4398B /* ButtonSaveTextComponentView.swift in Sources */,
				144BAF342B28B3B700E85A5B /* ImageProcessor.swift in Sources */,
				1478E3612B644B330053E648 /* ImportedComponentView.swift in Sources */,
				1478E3632B644CCB0053E648 /* CountryPickerComponentView.swift in Sources */,
				141ABF832B274CFB001EB107 /* ManufacturersView.swift in Sources */,
				149B9DD82B4AD71000062B74 /* CaloriesComponentView.swift in Sources */,
				14E3D8832B28840D0091E1D2 /* ViewBuilders.swift in Sources */,
				1475B0892B2CD13100729BD7 /* SearchBar.swift in Sources */,
				141ABF8D2B274CFC001EB107 /* BeerApp_CoreData.xcdatamodeld in Sources */,
				141ABF972B277AD9001EB107 /* ManufacturersViewModel.swift in Sources */,
				141ABF9C2B27A9C8001EB107 /* Enums.swift in Sources */,
				141ABF812B274CFB001EB107 /* BeerApp_CoreDataApp.swift in Sources */,
				14CCF84B2B357BEF00ACB688 /* BeerDetailView.swift in Sources */,
				149B9DD62B4AD62000062B74 /* AlcoholComponentView.swift in Sources */,
				14328B242B2DCBDC00FDF65B /* FieldBindings.swift in Sources */,
				149B9DDA2B4AD7E900062B74 /* BeerTypePickerComponentView.swift in Sources */,
				14140FAE2B29CAAB00D35671 /* AddBeerView.swift in Sources */,
				14CF64E42B39E4ED00E681B1 /* InitialDataLoader.swift in Sources */,
				148017512B65773C00D4398B /* SaveButtonsComponentView.swift in Sources */,
				14328B222B2DCA5A00FDF65B /* Validators.swift in Sources */,
				140BEB0C2B58405600944DC7 /* CountriesData.swift in Sources */,
				141ABF992B27A04F001EB107 /* AddManufacturerView.swift in Sources */,
			);
			runOnlyForDeploymentPostprocessing = 0;
		};
/* End PBXSourcesBuildPhase section */

/* Begin XCBuildConfiguration section */
		141ABF8E2B274CFC001EB107 /* Debug */ = {
			isa = XCBuildConfiguration;
			buildSettings = {
				ALWAYS_SEARCH_USER_PATHS = NO;
				ASSETCATALOG_COMPILER_GENERATE_SWIFT_ASSET_SYMBOL_EXTENSIONS = YES;
				CLANG_ANALYZER_NONNULL = YES;
				CLANG_ANALYZER_NUMBER_OBJECT_CONVERSION = YES_AGGRESSIVE;
				CLANG_CXX_LANGUAGE_STANDARD = "gnu++20";
				CLANG_ENABLE_MODULES = YES;
				CLANG_ENABLE_OBJC_ARC = YES;
				CLANG_ENABLE_OBJC_WEAK = YES;
				CLANG_WARN_BLOCK_CAPTURE_AUTORELEASING = YES;
				CLANG_WARN_BOOL_CONVERSION = YES;
				CLANG_WARN_COMMA = YES;
				CLANG_WARN_CONSTANT_CONVERSION = YES;
				CLANG_WARN_DEPRECATED_OBJC_IMPLEMENTATIONS = YES;
				CLANG_WARN_DIRECT_OBJC_ISA_USAGE = YES_ERROR;
				CLANG_WARN_DOCUMENTATION_COMMENTS = YES;
				CLANG_WARN_EMPTY_BODY = YES;
				CLANG_WARN_ENUM_CONVERSION = YES;
				CLANG_WARN_INFINITE_RECURSION = YES;
				CLANG_WARN_INT_CONVERSION = YES;
				CLANG_WARN_NON_LITERAL_NULL_CONVERSION = YES;
				CLANG_WARN_OBJC_IMPLICIT_RETAIN_SELF = YES;
				CLANG_WARN_OBJC_LITERAL_CONVERSION = YES;
				CLANG_WARN_OBJC_ROOT_CLASS = YES_ERROR;
				CLANG_WARN_QUOTED_INCLUDE_IN_FRAMEWORK_HEADER = YES;
				CLANG_WARN_RANGE_LOOP_ANALYSIS = YES;
				CLANG_WARN_STRICT_PROTOTYPES = YES;
				CLANG_WARN_SUSPICIOUS_MOVE = YES;
				CLANG_WARN_UNGUARDED_AVAILABILITY = YES_AGGRESSIVE;
				CLANG_WARN_UNREACHABLE_CODE = YES;
				CLANG_WARN__DUPLICATE_METHOD_MATCH = YES;
				COPY_PHASE_STRIP = NO;
				DEBUG_INFORMATION_FORMAT = dwarf;
				ENABLE_STRICT_OBJC_MSGSEND = YES;
				ENABLE_TESTABILITY = YES;
				ENABLE_USER_SCRIPT_SANDBOXING = YES;
				GCC_C_LANGUAGE_STANDARD = gnu17;
				GCC_DYNAMIC_NO_PIC = NO;
				GCC_NO_COMMON_BLOCKS = YES;
				GCC_OPTIMIZATION_LEVEL = 0;
				GCC_PREPROCESSOR_DEFINITIONS = (
					"DEBUG=1",
					"$(inherited)",
				);
				GCC_WARN_64_TO_32_BIT_CONVERSION = YES;
				GCC_WARN_ABOUT_RETURN_TYPE = YES_ERROR;
				GCC_WARN_UNDECLARED_SELECTOR = YES;
				GCC_WARN_UNINITIALIZED_AUTOS = YES_AGGRESSIVE;
				GCC_WARN_UNUSED_FUNCTION = YES;
				GCC_WARN_UNUSED_VARIABLE = YES;
				IPHONEOS_DEPLOYMENT_TARGET = 17.0;
				LOCALIZATION_PREFERS_STRING_CATALOGS = YES;
				MTL_ENABLE_DEBUG_INFO = INCLUDE_SOURCE;
				MTL_FAST_MATH = YES;
				ONLY_ACTIVE_ARCH = YES;
				SDKROOT = iphoneos;
				SWIFT_ACTIVE_COMPILATION_CONDITIONS = "DEBUG $(inherited)";
				SWIFT_OPTIMIZATION_LEVEL = "-Onone";
			};
			name = Debug;
		};
		141ABF8F2B274CFC001EB107 /* Release */ = {
			isa = XCBuildConfiguration;
			buildSettings = {
				ALWAYS_SEARCH_USER_PATHS = NO;
				ASSETCATALOG_COMPILER_GENERATE_SWIFT_ASSET_SYMBOL_EXTENSIONS = YES;
				CLANG_ANALYZER_NONNULL = YES;
				CLANG_ANALYZER_NUMBER_OBJECT_CONVERSION = YES_AGGRESSIVE;
				CLANG_CXX_LANGUAGE_STANDARD = "gnu++20";
				CLANG_ENABLE_MODULES = YES;
				CLANG_ENABLE_OBJC_ARC = YES;
				CLANG_ENABLE_OBJC_WEAK = YES;
				CLANG_WARN_BLOCK_CAPTURE_AUTORELEASING = YES;
				CLANG_WARN_BOOL_CONVERSION = YES;
				CLANG_WARN_COMMA = YES;
				CLANG_WARN_CONSTANT_CONVERSION = YES;
				CLANG_WARN_DEPRECATED_OBJC_IMPLEMENTATIONS = YES;
				CLANG_WARN_DIRECT_OBJC_ISA_USAGE = YES_ERROR;
				CLANG_WARN_DOCUMENTATION_COMMENTS = YES;
				CLANG_WARN_EMPTY_BODY = YES;
				CLANG_WARN_ENUM_CONVERSION = YES;
				CLANG_WARN_INFINITE_RECURSION = YES;
				CLANG_WARN_INT_CONVERSION = YES;
				CLANG_WARN_NON_LITERAL_NULL_CONVERSION = YES;
				CLANG_WARN_OBJC_IMPLICIT_RETAIN_SELF = YES;
				CLANG_WARN_OBJC_LITERAL_CONVERSION = YES;
				CLANG_WARN_OBJC_ROOT_CLASS = YES_ERROR;
				CLANG_WARN_QUOTED_INCLUDE_IN_FRAMEWORK_HEADER = YES;
				CLANG_WARN_RANGE_LOOP_ANALYSIS = YES;
				CLANG_WARN_STRICT_PROTOTYPES = YES;
				CLANG_WARN_SUSPICIOUS_MOVE = YES;
				CLANG_WARN_UNGUARDED_AVAILABILITY = YES_AGGRESSIVE;
				CLANG_WARN_UNREACHABLE_CODE = YES;
				CLANG_WARN__DUPLICATE_METHOD_MATCH = YES;
				COPY_PHASE_STRIP = NO;
				DEBUG_INFORMATION_FORMAT = "dwarf-with-dsym";
				ENABLE_NS_ASSERTIONS = NO;
				ENABLE_STRICT_OBJC_MSGSEND = YES;
				ENABLE_USER_SCRIPT_SANDBOXING = YES;
				GCC_C_LANGUAGE_STANDARD = gnu17;
				GCC_NO_COMMON_BLOCKS = YES;
				GCC_WARN_64_TO_32_BIT_CONVERSION = YES;
				GCC_WARN_ABOUT_RETURN_TYPE = YES_ERROR;
				GCC_WARN_UNDECLARED_SELECTOR = YES;
				GCC_WARN_UNINITIALIZED_AUTOS = YES_AGGRESSIVE;
				GCC_WARN_UNUSED_FUNCTION = YES;
				GCC_WARN_UNUSED_VARIABLE = YES;
				IPHONEOS_DEPLOYMENT_TARGET = 17.0;
				LOCALIZATION_PREFERS_STRING_CATALOGS = YES;
				MTL_ENABLE_DEBUG_INFO = NO;
				MTL_FAST_MATH = YES;
				SDKROOT = iphoneos;
				SWIFT_COMPILATION_MODE = wholemodule;
				VALIDATE_PRODUCT = YES;
			};
			name = Release;
		};
		141ABF912B274CFC001EB107 /* Debug */ = {
			isa = XCBuildConfiguration;
			buildSettings = {
				ASSETCATALOG_COMPILER_APPICON_NAME = AppIcon;
				ASSETCATALOG_COMPILER_GLOBAL_ACCENT_COLOR_NAME = AccentColor;
				CODE_SIGN_STYLE = Automatic;
				CURRENT_PROJECT_VERSION = 1;
				DEVELOPMENT_ASSET_PATHS = "\"BeerApp_CoreData/Preview Content\"";
				ENABLE_PREVIEWS = YES;
				GENERATE_INFOPLIST_FILE = YES;
				INFOPLIST_KEY_UIApplicationSceneManifest_Generation = YES;
				INFOPLIST_KEY_UIApplicationSupportsIndirectInputEvents = YES;
				INFOPLIST_KEY_UILaunchScreen_Generation = YES;
				INFOPLIST_KEY_UISupportedInterfaceOrientations_iPad = "UIInterfaceOrientationPortrait UIInterfaceOrientationPortraitUpsideDown UIInterfaceOrientationLandscapeLeft UIInterfaceOrientationLandscapeRight";
				INFOPLIST_KEY_UISupportedInterfaceOrientations_iPhone = "UIInterfaceOrientationPortrait UIInterfaceOrientationLandscapeLeft UIInterfaceOrientationLandscapeRight";
				IPHONEOS_DEPLOYMENT_TARGET = 16.0;
				LD_RUNPATH_SEARCH_PATHS = (
					"$(inherited)",
					"@executable_path/Frameworks",
				);
				MARKETING_VERSION = 1.0;
				PRODUCT_BUNDLE_IDENTIFIER = "abelhl.BeerApp-CoreData";
				PRODUCT_NAME = "$(TARGET_NAME)";
				SUPPORTED_PLATFORMS = "iphoneos iphonesimulator";
				SUPPORTS_MACCATALYST = NO;
				SUPPORTS_MAC_DESIGNED_FOR_IPHONE_IPAD = NO;
				SWIFT_EMIT_LOC_STRINGS = YES;
				SWIFT_VERSION = 5.0;
				TARGETED_DEVICE_FAMILY = "1,2";
			};
			name = Debug;
		};
		141ABF922B274CFC001EB107 /* Release */ = {
			isa = XCBuildConfiguration;
			buildSettings = {
				ASSETCATALOG_COMPILER_APPICON_NAME = AppIcon;
				ASSETCATALOG_COMPILER_GLOBAL_ACCENT_COLOR_NAME = AccentColor;
				CODE_SIGN_STYLE = Automatic;
				CURRENT_PROJECT_VERSION = 1;
				DEVELOPMENT_ASSET_PATHS = "\"BeerApp_CoreData/Preview Content\"";
				ENABLE_PREVIEWS = YES;
				GENERATE_INFOPLIST_FILE = YES;
				INFOPLIST_KEY_UIApplicationSceneManifest_Generation = YES;
				INFOPLIST_KEY_UIApplicationSupportsIndirectInputEvents = YES;
				INFOPLIST_KEY_UILaunchScreen_Generation = YES;
				INFOPLIST_KEY_UISupportedInterfaceOrientations_iPad = "UIInterfaceOrientationPortrait UIInterfaceOrientationPortraitUpsideDown UIInterfaceOrientationLandscapeLeft UIInterfaceOrientationLandscapeRight";
				INFOPLIST_KEY_UISupportedInterfaceOrientations_iPhone = "UIInterfaceOrientationPortrait UIInterfaceOrientationLandscapeLeft UIInterfaceOrientationLandscapeRight";
				IPHONEOS_DEPLOYMENT_TARGET = 16.0;
				LD_RUNPATH_SEARCH_PATHS = (
					"$(inherited)",
					"@executable_path/Frameworks",
				);
				MARKETING_VERSION = 1.0;
				PRODUCT_BUNDLE_IDENTIFIER = "abelhl.BeerApp-CoreData";
				PRODUCT_NAME = "$(TARGET_NAME)";
				SUPPORTED_PLATFORMS = "iphoneos iphonesimulator";
				SUPPORTS_MACCATALYST = NO;
				SUPPORTS_MAC_DESIGNED_FOR_IPHONE_IPAD = NO;
				SWIFT_EMIT_LOC_STRINGS = YES;
				SWIFT_VERSION = 5.0;
				TARGETED_DEVICE_FAMILY = "1,2";
			};
			name = Release;
		};
/* End XCBuildConfiguration section */

/* Begin XCConfigurationList section */
		141ABF782B274CFB001EB107 /* Build configuration list for PBXProject "BeerApp_CoreData" */ = {
			isa = XCConfigurationList;
			buildConfigurations = (
				141ABF8E2B274CFC001EB107 /* Debug */,
				141ABF8F2B274CFC001EB107 /* Release */,
			);
			defaultConfigurationIsVisible = 0;
			defaultConfigurationName = Release;
		};
		141ABF902B274CFC001EB107 /* Build configuration list for PBXNativeTarget "BeerApp_CoreData" */ = {
			isa = XCConfigurationList;
			buildConfigurations = (
				141ABF912B274CFC001EB107 /* Debug */,
				141ABF922B274CFC001EB107 /* Release */,
			);
			defaultConfigurationIsVisible = 0;
			defaultConfigurationName = Release;
		};
/* End XCConfigurationList section */

/* Begin XCVersionGroup section */
		141ABF8B2B274CFC001EB107 /* BeerApp_CoreData.xcdatamodeld */ = {
			isa = XCVersionGroup;
			children = (
				141ABF8C2B274CFC001EB107 /* BeerApp_CoreData.xcdatamodel */,
			);
			currentVersion = 141ABF8C2B274CFC001EB107 /* BeerApp_CoreData.xcdatamodel */;
			path = BeerApp_CoreData.xcdatamodeld;
			sourceTree = "<group>";
			versionGroupType = wrapper.xcdatamodel;
		};
/* End XCVersionGroup section */
	};
	rootObject = 141ABF752B274CFB001EB107 /* Project object */;
}
